
Microsoft Visual Studio Solution File, Format Version 12.00
# Visual Studio Version 16
VisualStudioVersion = 16.0.28803.202
MinimumVisualStudioVersion = 10.0.40219.1
Project("{FAE04EC0-301F-11D3-BF4B-00C04F79EFBC}") = "SuperHeros2", "SuperHeros2.csproj", "{5E68551D-E72F-40DC-98A1-3D682445C4BB}"
EndProject
Global
	GlobalSection(SolutionConfigurationPlatforms) = preSolution
		Debug|Any CPU = Debug|Any CPU
		Release|Any CPU = Release|Any CPU
	EndGlobalSection
	GlobalSection(ProjectConfigurationPlatforms) = postSolution
		{5E68551D-E72F-40DC-98A1-3D682445C4BB}.Debug|Any CPU.ActiveCfg = Debug|Any CPU
		{5E68551D-E72F-40DC-98A1-3D682445C4BB}.Debug|Any CPU.Build.0 = Debug|Any CPU
		{5E68551D-E72F-40DC-98A1-3D682445C4BB}.Release|Any CPU.ActiveCfg = Release|Any CPU
		{5E68551D-E72F-40DC-98A1-3D682445C4BB}.Release|Any CPU.Build.0 = Release|Any CPU
	EndGlobalSection
	GlobalSection(SolutionProperties) = preSolution
		HideSolutionNode = FALSE
	EndGlobalSection
	GlobalSection(ExtensibilityGlobals) = postSolution
		SolutionGuid = {578AA767-29E7-46F4-A522-9F270E73CAE4}
	EndGlobalSection
EndGlobal
