
Microsoft Visual Studio Solution File, Format Version 12.00
# Visual Studio Version 16
VisualStudioVersion = 16.0.28803.202
MinimumVisualStudioVersion = 10.0.40219.1
Project("{FAE04EC0-301F-11D3-BF4B-00C04F79EFBC}") = "CP-ToDoApp1", "CP-ToDoApp1\CP-ToDoApp1.csproj", "{2AE9039E-DEDD-426C-B788-2B396A0F0869}"
EndProject
Global
	GlobalSection(SolutionConfigurationPlatforms) = preSolution
		Debug|Any CPU = Debug|Any CPU
		Release|Any CPU = Release|Any CPU
	EndGlobalSection
	GlobalSection(ProjectConfigurationPlatforms) = postSolution
		{2AE9039E-DEDD-426C-B788-2B396A0F0869}.Debug|Any CPU.ActiveCfg = Debug|Any CPU
		{2AE9039E-DEDD-426C-B788-2B396A0F0869}.Debug|Any CPU.Build.0 = Debug|Any CPU
		{2AE9039E-DEDD-426C-B788-2B396A0F0869}.Release|Any CPU.ActiveCfg = Release|Any CPU
		{2AE9039E-DEDD-426C-B788-2B396A0F0869}.Release|Any CPU.Build.0 = Release|Any CPU
	EndGlobalSection
	GlobalSection(SolutionProperties) = preSolution
		HideSolutionNode = FALSE
	EndGlobalSection
	GlobalSection(ExtensibilityGlobals) = postSolution
		SolutionGuid = {4F96DCAB-0939-46AB-B720-8EE7F3941DDC}
	EndGlobalSection
EndGlobal
