
Microsoft Visual Studio Solution File, Format Version 12.00
# Visual Studio Version 16
VisualStudioVersion = 16.0.28803.202
MinimumVisualStudioVersion = 10.0.40219.1
Project("{FAE04EC0-301F-11D3-BF4B-00C04F79EFBC}") = "ManyMethods", "ManyMethods\ManyMethods.csproj", "{C074C7C8-F313-4434-A903-40BCE911D9BD}"
EndProject
Global
	GlobalSection(SolutionConfigurationPlatforms) = preSolution
		Debug|Any CPU = Debug|Any CPU
		Release|Any CPU = Release|Any CPU
	EndGlobalSection
	GlobalSection(ProjectConfigurationPlatforms) = postSolution
		{C074C7C8-F313-4434-A903-40BCE911D9BD}.Debug|Any CPU.ActiveCfg = Debug|Any CPU
		{C074C7C8-F313-4434-A903-40BCE911D9BD}.Debug|Any CPU.Build.0 = Debug|Any CPU
		{C074C7C8-F313-4434-A903-40BCE911D9BD}.Release|Any CPU.ActiveCfg = Release|Any CPU
		{C074C7C8-F313-4434-A903-40BCE911D9BD}.Release|Any CPU.Build.0 = Release|Any CPU
	EndGlobalSection
	GlobalSection(SolutionProperties) = preSolution
		HideSolutionNode = FALSE
	EndGlobalSection
	GlobalSection(ExtensibilityGlobals) = postSolution
		SolutionGuid = {EE290EB2-0505-4C04-9E9D-E67EAC746BDC}
	EndGlobalSection
EndGlobal
