
Microsoft Visual Studio Solution File, Format Version 12.00
# Visual Studio Version 16
VisualStudioVersion = 16.0.28803.202
MinimumVisualStudioVersion = 10.0.40219.1
Project("{FAE04EC0-301F-11D3-BF4B-00C04F79EFBC}") = "DbContext", "DbContext\DbContext.csproj", "{C9103D10-ADA9-4A71-88CE-5782BD0D204D}"
EndProject
Global
	GlobalSection(SolutionConfigurationPlatforms) = preSolution
		Debug|Any CPU = Debug|Any CPU
		Release|Any CPU = Release|Any CPU
	EndGlobalSection
	GlobalSection(ProjectConfigurationPlatforms) = postSolution
		{C9103D10-ADA9-4A71-88CE-5782BD0D204D}.Debug|Any CPU.ActiveCfg = Debug|Any CPU
		{C9103D10-ADA9-4A71-88CE-5782BD0D204D}.Debug|Any CPU.Build.0 = Debug|Any CPU
		{C9103D10-ADA9-4A71-88CE-5782BD0D204D}.Release|Any CPU.ActiveCfg = Release|Any CPU
		{C9103D10-ADA9-4A71-88CE-5782BD0D204D}.Release|Any CPU.Build.0 = Release|Any CPU
	EndGlobalSection
	GlobalSection(SolutionProperties) = preSolution
		HideSolutionNode = FALSE
	EndGlobalSection
	GlobalSection(ExtensibilityGlobals) = postSolution
		SolutionGuid = {A0C8CFA4-57DA-4AB7-A848-B172A77CABFB}
	EndGlobalSection
EndGlobal
