
Microsoft Visual Studio Solution File, Format Version 12.00
# Visual Studio Version 16
VisualStudioVersion = 16.0.28803.202
MinimumVisualStudioVersion = 10.0.40219.1
Project("{FAE04EC0-301F-11D3-BF4B-00C04F79EFBC}") = "Inventory", "Inventory.csproj", "{1A7C753A-22B6-4166-9F56-7D4FEF8481CA}"
EndProject
Global
	GlobalSection(SolutionConfigurationPlatforms) = preSolution
		Debug|Any CPU = Debug|Any CPU
		Release|Any CPU = Release|Any CPU
	EndGlobalSection
	GlobalSection(ProjectConfigurationPlatforms) = postSolution
		{1A7C753A-22B6-4166-9F56-7D4FEF8481CA}.Debug|Any CPU.ActiveCfg = Debug|Any CPU
		{1A7C753A-22B6-4166-9F56-7D4FEF8481CA}.Debug|Any CPU.Build.0 = Debug|Any CPU
		{1A7C753A-22B6-4166-9F56-7D4FEF8481CA}.Release|Any CPU.ActiveCfg = Release|Any CPU
		{1A7C753A-22B6-4166-9F56-7D4FEF8481CA}.Release|Any CPU.Build.0 = Release|Any CPU
	EndGlobalSection
	GlobalSection(SolutionProperties) = preSolution
		HideSolutionNode = FALSE
	EndGlobalSection
	GlobalSection(ExtensibilityGlobals) = postSolution
		SolutionGuid = {0519072D-8288-49E1-A8E9-5498C75C1506}
	EndGlobalSection
EndGlobal
