
Microsoft Visual Studio Solution File, Format Version 12.00
# Visual Studio Version 16
VisualStudioVersion = 16.0.28803.202
MinimumVisualStudioVersion = 10.0.40219.1
Project("{FAE04EC0-301F-11D3-BF4B-00C04F79EFBC}") = "Project-1", "Project-1.csproj", "{A0899F11-FB86-4037-BF7B-F804F6EBC8ED}"
EndProject
Global
	GlobalSection(SolutionConfigurationPlatforms) = preSolution
		Debug|Any CPU = Debug|Any CPU
		Release|Any CPU = Release|Any CPU
	EndGlobalSection
	GlobalSection(ProjectConfigurationPlatforms) = postSolution
		{A0899F11-FB86-4037-BF7B-F804F6EBC8ED}.Debug|Any CPU.ActiveCfg = Debug|Any CPU
		{A0899F11-FB86-4037-BF7B-F804F6EBC8ED}.Debug|Any CPU.Build.0 = Debug|Any CPU
		{A0899F11-FB86-4037-BF7B-F804F6EBC8ED}.Release|Any CPU.ActiveCfg = Release|Any CPU
		{A0899F11-FB86-4037-BF7B-F804F6EBC8ED}.Release|Any CPU.Build.0 = Release|Any CPU
	EndGlobalSection
	GlobalSection(SolutionProperties) = preSolution
		HideSolutionNode = FALSE
	EndGlobalSection
	GlobalSection(ExtensibilityGlobals) = postSolution
		SolutionGuid = {C78DDF19-BE62-49BD-A52C-6E06F64F4EEA}
	EndGlobalSection
EndGlobal
