
Microsoft Visual Studio Solution File, Format Version 12.00
# Visual Studio Version 16
VisualStudioVersion = 16.0.28803.202
MinimumVisualStudioVersion = 10.0.40219.1
Project("{FAE04EC0-301F-11D3-BF4B-00C04F79EFBC}") = "Serialization", "Serialization.csproj", "{ED840E9F-686A-4766-9E67-C0970F4EA4F4}"
EndProject
Global
	GlobalSection(SolutionConfigurationPlatforms) = preSolution
		Debug|Any CPU = Debug|Any CPU
		Release|Any CPU = Release|Any CPU
	EndGlobalSection
	GlobalSection(ProjectConfigurationPlatforms) = postSolution
		{ED840E9F-686A-4766-9E67-C0970F4EA4F4}.Debug|Any CPU.ActiveCfg = Debug|Any CPU
		{ED840E9F-686A-4766-9E67-C0970F4EA4F4}.Debug|Any CPU.Build.0 = Debug|Any CPU
		{ED840E9F-686A-4766-9E67-C0970F4EA4F4}.Release|Any CPU.ActiveCfg = Release|Any CPU
		{ED840E9F-686A-4766-9E67-C0970F4EA4F4}.Release|Any CPU.Build.0 = Release|Any CPU
	EndGlobalSection
	GlobalSection(SolutionProperties) = preSolution
		HideSolutionNode = FALSE
	EndGlobalSection
	GlobalSection(ExtensibilityGlobals) = postSolution
		SolutionGuid = {03C9D9B2-4484-40BD-8C8D-8D794E3E513C}
	EndGlobalSection
EndGlobal
