
Microsoft Visual Studio Solution File, Format Version 12.00
# Visual Studio Version 16
VisualStudioVersion = 16.0.28803.202
MinimumVisualStudioVersion = 10.0.40219.1
Project("{FAE04EC0-301F-11D3-BF4B-00C04F79EFBC}") = "Checker2", "Checker2.csproj", "{FBF228D4-7588-4E79-B00F-66BBA3AF144D}"
EndProject
Global
	GlobalSection(SolutionConfigurationPlatforms) = preSolution
		Debug|Any CPU = Debug|Any CPU
		Release|Any CPU = Release|Any CPU
	EndGlobalSection
	GlobalSection(ProjectConfigurationPlatforms) = postSolution
		{FBF228D4-7588-4E79-B00F-66BBA3AF144D}.Debug|Any CPU.ActiveCfg = Debug|Any CPU
		{FBF228D4-7588-4E79-B00F-66BBA3AF144D}.Debug|Any CPU.Build.0 = Debug|Any CPU
		{FBF228D4-7588-4E79-B00F-66BBA3AF144D}.Release|Any CPU.ActiveCfg = Release|Any CPU
		{FBF228D4-7588-4E79-B00F-66BBA3AF144D}.Release|Any CPU.Build.0 = Release|Any CPU
	EndGlobalSection
	GlobalSection(SolutionProperties) = preSolution
		HideSolutionNode = FALSE
	EndGlobalSection
	GlobalSection(ExtensibilityGlobals) = postSolution
		SolutionGuid = {852C3391-ABF3-409D-A0F2-D6F920CBBED7}
	EndGlobalSection
EndGlobal
